// !$*UTF8*$!
{
	archiveVersion = 1;
	classes = {
	};
	objectVersion = 55;
	objects = {

/* Begin PBXBuildFile section */
		639F85002AC30EC00004C4C6 /* AppDelegate.swift in Sources */ = {isa = PBXBuildFile; fileRef = 639F84FF2AC30EC00004C4C6 /* AppDelegate.swift */; };
		639F85042AC30EC00004C4C6 /* ViewController.swift in Sources */ = {isa = PBXBuildFile; fileRef = 639F85032AC30EC00004C4C6 /* ViewController.swift */; };
		639F85092AC30EC10004C4C6 /* Assets.xcassets in Resources */ = {isa = PBXBuildFile; fileRef = 639F85082AC30EC10004C4C6 /* Assets.xcassets */; };
		639F850C2AC30EC10004C4C6 /* LaunchScreen.storyboard in Resources */ = {isa = PBXBuildFile; fileRef = 639F850A2AC30EC10004C4C6 /* LaunchScreen.storyboard */; };
		E895BE95EFCDBA818DD78167 /* Pods_codecanyon_paywall.framework in Frameworks */ = {isa = PBXBuildFile; fileRef = 23B2660ED13186784C36227E /* Pods_codecanyon_paywall.framework */; };
/* End PBXBuildFile section */

/* Begin PBXFileReference section */
		21D82CAB1D657618612BD056 /* Pods-codecanyon_paywall.debug.xcconfig */ = {isa = PBXFileReference; includeInIndex = 1; lastKnownFileType = text.xcconfig; name = "Pods-codecanyon_paywall.debug.xcconfig"; path = "Target Support Files/Pods-codecanyon_paywall/Pods-codecanyon_paywall.debug.xcconfig"; sourceTree = "<group>"; };
		23B2660ED13186784C36227E /* Pods_codecanyon_paywall.framework */ = {isa = PBXFileReference; explicitFileType = wrapper.framework; includeInIndex = 0; path = Pods_codecanyon_paywall.framework; sourceTree = BUILT_PRODUCTS_DIR; };
		639F84FC2AC30EC00004C4C6 /* codecanyon_paywall.app */ = {isa = PBXFileReference; explicitFileType = wrapper.application; includeInIndex = 0; path = codecanyon_paywall.app; sourceTree = BUILT_PRODUCTS_DIR; };
		639F84FF2AC30EC00004C4C6 /* AppDelegate.swift */ = {isa = PBXFileReference; lastKnownFileType = sourcecode.swift; path = AppDelegate.swift; sourceTree = "<group>"; };
		639F85032AC30EC00004C4C6 /* ViewController.swift */ = {isa = PBXFileReference; lastKnownFileType = sourcecode.swift; path = ViewController.swift; sourceTree = "<group>"; };
		639F85082AC30EC10004C4C6 /* Assets.xcassets */ = {isa = PBXFileReference; lastKnownFileType = folder.assetcatalog; path = Assets.xcassets; sourceTree = "<group>"; };
		639F850B2AC30EC10004C4C6 /* Base */ = {isa = PBXFileReference; lastKnownFileType = file.storyboard; name = Base; path = Base.lproj/LaunchScreen.storyboard; sourceTree = "<group>"; };
		639F850D2AC30EC10004C4C6 /* Info.plist */ = {isa = PBXFileReference; lastKnownFileType = text.plist.xml; path = Info.plist; sourceTree = "<group>"; };
		8F51EB0AABD5F1DBF2BE0736 /* Pods-codecanyon_paywall.release.xcconfig */ = {isa = PBXFileReference; includeInIndex = 1; lastKnownFileType = text.xcconfig; name = "Pods-codecanyon_paywall.release.xcconfig"; path = "Target Support Files/Pods-codecanyon_paywall/Pods-codecanyon_paywall.release.xcconfig"; sourceTree = "<group>"; };
/* End PBXFileReference section */

/* Begin PBXFrameworksBuildPhase section */
		639F84F92AC30EC00004C4C6 /* Frameworks */ = {
			isa = PBXFrameworksBuildPhase;
			buildActionMask = 2147483647;
			files = (
				E895BE95EFCDBA818DD78167 /* Pods_codecanyon_paywall.framework in Frameworks */,
			);
			runOnlyForDeploymentPostprocessing = 0;
		};
/* End PBXFrameworksBuildPhase section */

/* Begin PBXGroup section */
		639F84F32AC30EC00004C4C6 = {
			isa = PBXGroup;
			children = (
				639F84FE2AC30EC00004C4C6 /* codecanyon_paywall */,
				639F84FD2AC30EC00004C4C6 /* Products */,
				BFE726DDAED4153B98F23AC1 /* Pods */,
				712C363A82D02B9D7BDFF6F1 /* Frameworks */,
			);
			sourceTree = "<group>";
		};
		639F84FD2AC30EC00004C4C6 /* Products */ = {
			isa = PBXGroup;
			children = (
				639F84FC2AC30EC00004C4C6 /* codecanyon_paywall.app */,
			);
			name = Products;
			sourceTree = "<group>";
		};
		639F84FE2AC30EC00004C4C6 /* codecanyon_paywall */ = {
			isa = PBXGroup;
			children = (
				639F84FF2AC30EC00004C4C6 /* AppDelegate.swift */,
				639F85032AC30EC00004C4C6 /* ViewController.swift */,
				639F85082AC30EC10004C4C6 /* Assets.xcassets */,
				639F850A2AC30EC10004C4C6 /* LaunchScreen.storyboard */,
				639F850D2AC30EC10004C4C6 /* Info.plist */,
			);
			path = codecanyon_paywall;
			sourceTree = "<group>";
		};
		712C363A82D02B9D7BDFF6F1 /* Frameworks */ = {
			isa = PBXGroup;
			children = (
				23B2660ED13186784C36227E /* Pods_codecanyon_paywall.framework */,
			);
			name = Frameworks;
			sourceTree = "<group>";
		};
		BFE726DDAED4153B98F23AC1 /* Pods */ = {
			isa = PBXGroup;
			children = (
				21D82CAB1D657618612BD056 /* Pods-codecanyon_paywall.debug.xcconfig */,
				8F51EB0AABD5F1DBF2BE0736 /* Pods-codecanyon_paywall.release.xcconfig */,
			);
			path = Pods;
			sourceTree = "<group>";
		};
/* End PBXGroup section */

/* Begin PBXNativeTarget section */
		639F84FB2AC30EC00004C4C6 /* codecanyon_paywall */ = {
			isa = PBXNativeTarget;
			buildConfigurationList = 639F85102AC30EC10004C4C6 /* Build configuration list for PBXNativeTarget "codecanyon_paywall" */;
			buildPhases = (
				DA37482506CAA1B51E44CA8C /* [CP] Check Pods Manifest.lock */,
				639F84F82AC30EC00004C4C6 /* Sources */,
				639F84F92AC30EC00004C4C6 /* Frameworks */,
				639F84FA2AC30EC00004C4C6 /* Resources */,
				083F325E6AA2A149E9E35319 /* [CP] Embed Pods Frameworks */,
			);
			buildRules = (
			);
			dependencies = (
			);
			name = codecanyon_paywall;
			productName = codecanyon_paywall;
			productReference = 639F84FC2AC30EC00004C4C6 /* codecanyon_paywall.app */;
			productType = "com.apple.product-type.application";
		};
/* End PBXNativeTarget section */

/* Begin PBXProject section */
		639F84F42AC30EC00004C4C6 /* Project object */ = {
			isa = PBXProject;
			attributes = {
				BuildIndependentTargetsInParallel = 1;
				LastSwiftUpdateCheck = 1420;
				LastUpgradeCheck = 1420;
				TargetAttributes = {
					639F84FB2AC30EC00004C4C6 = {
						CreatedOnToolsVersion = 14.2;
					};
				};
			};
			buildConfigurationList = 639F84F72AC30EC00004C4C6 /* Build configuration list for PBXProject "codecanyon_paywall" */;
			compatibilityVersion = "Xcode 13.0";
			developmentRegion = en;
			hasScannedForEncodings = 0;
			knownRegions = (
				en,
				Base,
			);
			mainGroup = 639F84F32AC30EC00004C4C6;
			productRefGroup = 639F84FD2AC30EC00004C4C6 /* Products */;
			projectDirPath = "";
			projectRoot = "";
			targets = (
				639F84FB2AC30EC00004C4C6 /* codecanyon_paywall */,
			);
		};
/* End PBXProject section */

/* Begin PBXResourcesBuildPhase section */
		639F84FA2AC30EC00004C4C6 /* Resources */ = {
			isa = PBXResourcesBuildPhase;
			buildActionMask = 2147483647;
			files = (
				639F850C2AC30EC10004C4C6 /* LaunchScreen.storyboard in Resources */,
				639F85092AC30EC10004C4C6 /* Assets.xcassets in Resources */,
			);
			runOnlyForDeploymentPostprocessing = 0;
		};
/* End PBXResourcesBuildPhase section */

/* Begin PBXShellScriptBuildPhase section */
		083F325E6AA2A149E9E35319 /* [CP] Embed Pods Frameworks */ = {
			isa = PBXShellScriptBuildPhase;
			buildActionMask = 2147483647;
			files = (
			);
			inputFileListPaths = (
				"${PODS_ROOT}/Target Support Files/Pods-codecanyon_paywall/Pods-codecanyon_paywall-frameworks-${CONFIGURATION}-input-files.xcfilelist",
			);
			name = "[CP] Embed Pods Frameworks";
			outputFileListPaths = (
				"${PODS_ROOT}/Target Support Files/Pods-codecanyon_paywall/Pods-codecanyon_paywall-frameworks-${CONFIGURATION}-output-files.xcfilelist",
			);
			runOnlyForDeploymentPostprocessing = 0;
			shellPath = /bin/sh;
			shellScript = "\"${PODS_ROOT}/Target Support Files/Pods-codecanyon_paywall/Pods-codecanyon_paywall-frameworks.sh\"\n";
			showEnvVarsInLog = 0;
		};
		DA37482506CAA1B51E44CA8C /* [CP] Check Pods Manifest.lock */ = {
			isa = PBXShellScriptBuildPhase;
			buildActionMask = 2147483647;
			files = (
			);
			inputFileListPaths = (
			);
			inputPaths = (
				"${PODS_PODFILE_DIR_PATH}/Podfile.lock",
				"${PODS_ROOT}/Manifest.lock",
			);
			name = "[CP] Check Pods Manifest.lock";
			outputFileListPaths = (
			);
			outputPaths = (
				"$(DERIVED_FILE_DIR)/Pods-codecanyon_paywall-checkManifestLockResult.txt",
			);
			runOnlyForDeploymentPostprocessing = 0;
			shellPath = /bin/sh;
			shellScript = "diff \"${PODS_PODFILE_DIR_PATH}/Podfile.lock\" \"${PODS_ROOT}/Manifest.lock\" > /dev/null\nif [ $? != 0 ] ; then\n    # print error to STDERR\n    echo \"error: The sandbox is not in sync with the Podfile.lock. Run 'pod install' or update your CocoaPods installation.\" >&2\n    exit 1\nfi\n# This output is used by Xcode 'outputs' to avoid re-running this script phase.\necho \"SUCCESS\" > \"${SCRIPT_OUTPUT_FILE_0}\"\n";
			showEnvVarsInLog = 0;
		};
/* End PBXShellScriptBuildPhase section */

/* Begin PBXSourcesBuildPhase section */
		639F84F82AC30EC00004C4C6 /* Sources */ = {
			isa = PBXSourcesBuildPhase;
			buildActionMask = 2147483647;
			files = (
				639F85042AC30EC00004C4C6 /* ViewController.swift in Sources */,
				639F85002AC30EC00004C4C6 /* AppDelegate.swift in Sources */,
			);
			runOnlyForDeploymentPostprocessing = 0;
		};
/* End PBXSourcesBuildPhase section */

/* Begin PBXVariantGroup section */
		639F850A2AC30EC10004C4C6 /* LaunchScreen.storyboard */ = {
			isa = PBXVariantGroup;
			children = (
				639F850B2AC30EC10004C4C6 /* Base */,
			);
			name = LaunchScreen.storyboard;
			sourceTree = "<group>";
		};
/* End PBXVariantGroup section */

/* Begin XCBuildConfiguration section */
		639F850E2AC30EC10004C4C6 /* Debug */ = {
			isa = XCBuildConfiguration;
			buildSettings = {
				ALWAYS_SEARCH_USER_PATHS = NO;
				CLANG_ANALYZER_NONNULL = YES;
				CLANG_ANALYZER_NUMBER_OBJECT_CONVERSION = YES_AGGRESSIVE;
				CLANG_CXX_LANGUAGE_STANDARD = "gnu++20";
				CLANG_ENABLE_MODULES = YES;
				CLANG_ENABLE_OBJC_ARC = YES;
				CLANG_ENABLE_OBJC_WEAK = YES;
				CLANG_WARN_BLOCK_CAPTURE_AUTORELEASING = YES;
				CLANG_WARN_BOOL_CONVERSION = YES;
				CLANG_WARN_COMMA = YES;
				CLANG_WARN_CONSTANT_CONVERSION = YES;
				CLANG_WARN_DEPRECATED_OBJC_IMPLEMENTATIONS = YES;
				CLANG_WARN_DIRECT_OBJC_ISA_USAGE = YES_ERROR;
				CLANG_WARN_DOCUMENTATION_COMMENTS = YES;
				CLANG_WARN_EMPTY_BODY = YES;
				CLANG_WARN_ENUM_CONVERSION = YES;
				CLANG_WARN_INFINITE_RECURSION = YES;
				CLANG_WARN_INT_CONVERSION = YES;
				CLANG_WARN_NON_LITERAL_NULL_CONVERSION = YES;
				CLANG_WARN_OBJC_IMPLICIT_RETAIN_SELF = YES;
				CLANG_WARN_OBJC_LITERAL_CONVERSION = YES;
				CLANG_WARN_OBJC_ROOT_CLASS = YES_ERROR;
				CLANG_WARN_QUOTED_INCLUDE_IN_FRAMEWORK_HEADER = YES;
				CLANG_WARN_RANGE_LOOP_ANALYSIS = YES;
				CLANG_WARN_STRICT_PROTOTYPES = YES;
				CLANG_WARN_SUSPICIOUS_MOVE = YES;
				CLANG_WARN_UNGUARDED_AVAILABILITY = YES_AGGRESSIVE;
				CLANG_WARN_UNREACHABLE_CODE = YES;
				CLANG_WARN__DUPLICATE_METHOD_MATCH = YES;
				COPY_PHASE_STRIP = NO;
				DEBUG_INFORMATION_FORMAT = dwarf;
				ENABLE_STRICT_OBJC_MSGSEND = YES;
				ENABLE_TESTABILITY = YES;
				GCC_C_LANGUAGE_STANDARD = gnu11;
				GCC_DYNAMIC_NO_PIC = NO;
				GCC_NO_COMMON_BLOCKS = YES;
				GCC_OPTIMIZATION_LEVEL = 0;
				GCC_PREPROCESSOR_DEFINITIONS = (
					"DEBUG=1",
					"$(inherited)",
				);
				GCC_WARN_64_TO_32_BIT_CONVERSION = YES;
				GCC_WARN_ABOUT_RETURN_TYPE = YES_ERROR;
				GCC_WARN_UNDECLARED_SELECTOR = YES;
				GCC_WARN_UNINITIALIZED_AUTOS = YES_AGGRESSIVE;
				GCC_WARN_UNUSED_FUNCTION = YES;
				GCC_WARN_UNUSED_VARIABLE = YES;
				IPHONEOS_DEPLOYMENT_TARGET = 16.2;
				MTL_ENABLE_DEBUG_INFO = INCLUDE_SOURCE;
				MTL_FAST_MATH = YES;
				ONLY_ACTIVE_ARCH = YES;
				SDKROOT = iphoneos;
				SWIFT_ACTIVE_COMPILATION_CONDITIONS = DEBUG;
				SWIFT_OPTIMIZATION_LEVEL = "-Onone";
			};
			name = Debug;
		};
		639F850F2AC30EC10004C4C6 /* Release */ = {
			isa = XCBuildConfiguration;
			buildSettings = {
				ALWAYS_SEARCH_USER_PATHS = NO;
				CLANG_ANALYZER_NONNULL = YES;
				CLANG_ANALYZER_NUMBER_OBJECT_CONVERSION = YES_AGGRESSIVE;
				CLANG_CXX_LANGUAGE_STANDARD = "gnu++20";
				CLANG_ENABLE_MODULES = YES;
				CLANG_ENABLE_OBJC_ARC = YES;
				CLANG_ENABLE_OBJC_WEAK = YES;
				CLANG_WARN_BLOCK_CAPTURE_AUTORELEASING = YES;
				CLANG_WARN_BOOL_CONVERSION = YES;
				CLANG_WARN_COMMA = YES;
				CLANG_WARN_CONSTANT_CONVERSION = YES;
				CLANG_WARN_DEPRECATED_OBJC_IMPLEMENTATIONS = YES;
				CLANG_WARN_DIRECT_OBJC_ISA_USAGE = YES_ERROR;
				CLANG_WARN_DOCUMENTATION_COMMENTS = YES;
				CLANG_WARN_EMPTY_BODY = YES;
				CLANG_WARN_ENUM_CONVERSION = YES;
				CLANG_WARN_INFINITE_RECURSION = YES;
				CLANG_WARN_INT_CONVERSION = YES;
				CLANG_WARN_NON_LITERAL_NULL_CONVERSION = YES;
				CLANG_WARN_OBJC_IMPLICIT_RETAIN_SELF = YES;
				CLANG_WARN_OBJC_LITERAL_CONVERSION = YES;
				CLANG_WARN_OBJC_ROOT_CLASS = YES_ERROR;
				CLANG_WARN_QUOTED_INCLUDE_IN_FRAMEWORK_HEADER = YES;
				CLANG_WARN_RANGE_LOOP_ANALYSIS = YES;
				CLANG_WARN_STRICT_PROTOTYPES = YES;
				CLANG_WARN_SUSPICIOUS_MOVE = YES;
				CLANG_WARN_UNGUARDED_AVAILABILITY = YES_AGGRESSIVE;
				CLANG_WARN_UNREACHABLE_CODE = YES;
				CLANG_WARN__DUPLICATE_METHOD_MATCH = YES;
				COPY_PHASE_STRIP = NO;
				DEBUG_INFORMATION_FORMAT = "dwarf-with-dsym";
				ENABLE_NS_ASSERTIONS = NO;
				ENABLE_STRICT_OBJC_MSGSEND = YES;
				GCC_C_LANGUAGE_STANDARD = gnu11;
				GCC_NO_COMMON_BLOCKS = YES;
				GCC_WARN_64_TO_32_BIT_CONVERSION = YES;
				GCC_WARN_ABOUT_RETURN_TYPE = YES_ERROR;
				GCC_WARN_UNDECLARED_SELECTOR = YES;
				GCC_WARN_UNINITIALIZED_AUTOS = YES_AGGRESSIVE;
				GCC_WARN_UNUSED_FUNCTION = YES;
				GCC_WARN_UNUSED_VARIABLE = YES;
				IPHONEOS_DEPLOYMENT_TARGET = 16.2;
				MTL_ENABLE_DEBUG_INFO = NO;
				MTL_FAST_MATH = YES;
				SDKROOT = iphoneos;
				SWIFT_COMPILATION_MODE = wholemodule;
				SWIFT_OPTIMIZATION_LEVEL = "-O";
				VALIDATE_PRODUCT = YES;
			};
			name = Release;
		};
		639F85112AC30EC10004C4C6 /* Debug */ = {
			isa = XCBuildConfiguration;
			baseConfigurationReference = 21D82CAB1D657618612BD056 /* Pods-codecanyon_paywall.debug.xcconfig */;
			buildSettings = {
				ASSETCATALOG_COMPILER_APPICON_NAME = AppIcon;
				ASSETCATALOG_COMPILER_GLOBAL_ACCENT_COLOR_NAME = AccentColor;
				CODE_SIGN_STYLE = Automatic;
				CURRENT_PROJECT_VERSION = 1;
				DEVELOPMENT_TEAM = M4GCR56FHH;
				GENERATE_INFOPLIST_FILE = YES;
				INFOPLIST_FILE = codecanyon_paywall/Info.plist;
				INFOPLIST_KEY_UIApplicationSupportsIndirectInputEvents = YES;
				INFOPLIST_KEY_UILaunchStoryboardName = LaunchScreen;
				INFOPLIST_KEY_UIMainStoryboardFile = "";
				INFOPLIST_KEY_UISupportedInterfaceOrientations_iPad = "UIInterfaceOrientationPortrait UIInterfaceOrientationPortraitUpsideDown UIInterfaceOrientationLandscapeLeft UIInterfaceOrientationLandscapeRight";
				INFOPLIST_KEY_UISupportedInterfaceOrientations_iPhone = "UIInterfaceOrientationPortrait UIInterfaceOrientationLandscapeLeft UIInterfaceOrientationLandscapeRight";
				LD_RUNPATH_SEARCH_PATHS = (
					"$(inherited)",
					"@executable_path/Frameworks",
				);
				MARKETING_VERSION = 1.0;
				PRODUCT_BUNDLE_IDENTIFIER = "gizemduman.codecanyon-paywall";
				PRODUCT_NAME = "$(TARGET_NAME)";
				SWIFT_EMIT_LOC_STRINGS = YES;
				SWIFT_VERSION = 5.0;
				TARGETED_DEVICE_FAMILY = "1,2";
			};
			name = Debug;
		};
		639F85122AC30EC10004C4C6 /* Release */ = {
			isa = XCBuildConfiguration;
			baseConfigurationReference = 8F51EB0AABD5F1DBF2BE0736 /* Pods-codecanyon_paywall.release.xcconfig */;
			buildSettings = {
				ASSETCATALOG_COMPILER_APPICON_NAME = AppIcon;
				ASSETCATALOG_COMPILER_GLOBAL_ACCENT_COLOR_NAME = AccentColor;
				CODE_SIGN_STYLE = Automatic;
				CURRENT_PROJECT_VERSION = 1;
				DEVELOPMENT_TEAM = M4GCR56FHH;
				GENERATE_INFOPLIST_FILE = YES;
				INFOPLIST_FILE = codecanyon_paywall/Info.plist;
				INFOPLIST_KEY_UIApplicationSupportsIndirectInputEvents = YES;
				INFOPLIST_KEY_UILaunchStoryboardName = LaunchScreen;
				INFOPLIST_KEY_UIMainStoryboardFile = "";
				INFOPLIST_KEY_UISupportedInterfaceOrientations_iPad = "UIInterfaceOrientationPortrait UIInterfaceOrientationPortraitUpsideDown UIInterfaceOrientationLandscapeLeft UIInterfaceOrientationLandscapeRight";
				INFOPLIST_KEY_UISupportedInterfaceOrientations_iPhone = "UIInterfaceOrientationPortrait UIInterfaceOrientationLandscapeLeft UIInterfaceOrientationLandscapeRight";
				LD_RUNPATH_SEARCH_PATHS = (
					"$(inherited)",
					"@executable_path/Frameworks",
				);
				MARKETING_VERSION = 1.0;
				PRODUCT_BUNDLE_IDENTIFIER = "gizemduman.codecanyon-paywall";
				PRODUCT_NAME = "$(TARGET_NAME)";
				SWIFT_EMIT_LOC_STRINGS = YES;
				SWIFT_VERSION = 5.0;
				TARGETED_DEVICE_FAMILY = "1,2";
			};
			name = Release;
		};
/* End XCBuildConfiguration section */

/* Begin XCConfigurationList section */
		639F84F72AC30EC00004C4C6 /* Build configuration list for PBXProject "codecanyon_paywall" */ = {
			isa = XCConfigurationList;
			buildConfigurations = (
				639F850E2AC30EC10004C4C6 /* Debug */,
				639F850F2AC30EC10004C4C6 /* Release */,
			);
			defaultConfigurationIsVisible = 0;
			defaultConfigurationName = Release;
		};
		639F85102AC30EC10004C4C6 /* Build configuration list for PBXNativeTarget "codecanyon_paywall" */ = {
			isa = XCConfigurationList;
			buildConfigurations = (
				639F85112AC30EC10004C4C6 /* Debug */,
				639F85122AC30EC10004C4C6 /* Release */,
			);
			defaultConfigurationIsVisible = 0;
			defaultConfigurationName = Release;
		};
/* End XCConfigurationList section */
	};
	rootObject = 639F84F42AC30EC00004C4C6 /* Project object */;
}
